
Microsoft Visual Studio Solution File, Format Version 12.00
# Visual Studio Version 17
VisualStudioVersion = 17.11.35327.3
MinimumVisualStudioVersion = 10.0.40219.1
Project("{FAE04EC0-301F-11D3-BF4B-00C04F79EFBC}") = "matematikselhesaplamayapanparametresizvegeriyedeğerdöndürenmetod", "matematikselhesaplamayapanparametresizvegeriyedeğerdöndürenmetod.csproj", "{5F3E81AA-312C-485C-962A-6E6E189EF761}"
EndProject
Global
	GlobalSection(SolutionConfigurationPlatforms) = preSolution
		Debug|Any CPU = Debug|Any CPU
		Release|Any CPU = Release|Any CPU
	EndGlobalSection
	GlobalSection(ProjectConfigurationPlatforms) = postSolution
		{5F3E81AA-312C-485C-962A-6E6E189EF761}.Debug|Any CPU.ActiveCfg = Debug|Any CPU
		{5F3E81AA-312C-485C-962A-6E6E189EF761}.Debug|Any CPU.Build.0 = Debug|Any CPU
		{5F3E81AA-312C-485C-962A-6E6E189EF761}.Release|Any CPU.ActiveCfg = Release|Any CPU
		{5F3E81AA-312C-485C-962A-6E6E189EF761}.Release|Any CPU.Build.0 = Release|Any CPU
	EndGlobalSection
	GlobalSection(SolutionProperties) = preSolution
		HideSolutionNode = FALSE
	EndGlobalSection
	GlobalSection(ExtensibilityGlobals) = postSolution
		SolutionGuid = {593FEDC2-5859-413E-BA82-745C438D6D20}
	EndGlobalSection
EndGlobal
