
Microsoft Visual Studio Solution File, Format Version 12.00
# Visual Studio Version 17
VisualStudioVersion = 17.11.35327.3
MinimumVisualStudioVersion = 10.0.40219.1
Project("{FAE04EC0-301F-11D3-BF4B-00C04F79EFBC}") = "geriyekoleksiyondondurenveveriyifiltreleyenmetot", "geriyekoleksiyondondurenveveriyifiltreleyenmetot.csproj", "{A82C8EC0-FE63-472C-8368-29BFC5A451DF}"
EndProject
Global
	GlobalSection(SolutionConfigurationPlatforms) = preSolution
		Debug|Any CPU = Debug|Any CPU
		Release|Any CPU = Release|Any CPU
	EndGlobalSection
	GlobalSection(ProjectConfigurationPlatforms) = postSolution
		{A82C8EC0-FE63-472C-8368-29BFC5A451DF}.Debug|Any CPU.ActiveCfg = Debug|Any CPU
		{A82C8EC0-FE63-472C-8368-29BFC5A451DF}.Debug|Any CPU.Build.0 = Debug|Any CPU
		{A82C8EC0-FE63-472C-8368-29BFC5A451DF}.Release|Any CPU.ActiveCfg = Release|Any CPU
		{A82C8EC0-FE63-472C-8368-29BFC5A451DF}.Release|Any CPU.Build.0 = Release|Any CPU
	EndGlobalSection
	GlobalSection(SolutionProperties) = preSolution
		HideSolutionNode = FALSE
	EndGlobalSection
	GlobalSection(ExtensibilityGlobals) = postSolution
		SolutionGuid = {4280F64B-1B9D-4A26-A5E8-46970D867F95}
	EndGlobalSection
EndGlobal
